// !$*UTF8*$!
{
	archiveVersion = 1;
	classes = {
	};
	objectVersion = 46;
	objects = {

/* Begin PBXBuildFile section */
		36D638291A22287B00D36077 /* AppDelegate.swift in Sources */ = {isa = PBXBuildFile; fileRef = 36D638281A22287B00D36077 /* AppDelegate.swift */; };
		36D6382B1A22287B00D36077 /* ViewController.swift in Sources */ = {isa = PBXBuildFile; fileRef = 36D6382A1A22287B00D36077 /* ViewController.swift */; };
		36D6382E1A22287B00D36077 /* Main.storyboard in Resources */ = {isa = PBXBuildFile; fileRef = 36D6382C1A22287B00D36077 /* Main.storyboard */; };
		36D638301A22287B00D36077 /* Images.xcassets in Resources */ = {isa = PBXBuildFile; fileRef = 36D6382F1A22287B00D36077 /* Images.xcassets */; };
		36D638331A22287B00D36077 /* LaunchScreen.xib in Resources */ = {isa = PBXBuildFile; fileRef = 36D638311A22287B00D36077 /* LaunchScreen.xib */; };
		36D6383F1A22287B00D36077 /* SubmailTests.swift in Sources */ = {isa = PBXBuildFile; fileRef = 36D6383E1A22287B00D36077 /* SubmailTests.swift */; };
		36D638491A22289000D36077 /* Mail.swift in Sources */ = {isa = PBXBuildFile; fileRef = 36D638481A22289000D36077 /* Mail.swift */; };
		36D6384B1A22289B00D36077 /* Message.swift in Sources */ = {isa = PBXBuildFile; fileRef = 36D6384A1A22289B00D36077 /* Message.swift */; };
		36D6384D1A2228AA00D36077 /* MailSend.swift in Sources */ = {isa = PBXBuildFile; fileRef = 36D6384C1A2228AA00D36077 /* MailSend.swift */; };
		36D6384F1A22291200D36077 /* Config.swift in Sources */ = {isa = PBXBuildFile; fileRef = 36D6384E1A22291200D36077 /* Config.swift */; };
		774CE3E31A2C4B1A00EDD891 /* CommonExtension.swift in Sources */ = {isa = PBXBuildFile; fileRef = 774CE3E21A2C4B1A00EDD891 /* CommonExtension.swift */; };
		77596AAD1A232D1C00053E3B /* AddressbookMail.swift in Sources */ = {isa = PBXBuildFile; fileRef = 77596AAC1A232D1C00053E3B /* AddressbookMail.swift */; };
		77596AB01A232D3A00053E3B /* AddressbookMessage.swift in Sources */ = {isa = PBXBuildFile; fileRef = 77596AAF1A232D3A00053E3B /* AddressbookMessage.swift */; };
		77596AB41A23351A00053E3B /* AddressbookMailSubscribeDemo.swift in Sources */ = {isa = PBXBuildFile; fileRef = 77596AB31A23351A00053E3B /* AddressbookMailSubscribeDemo.swift */; };
		77596AB61A23354700053E3B /* AddressbookMailUnsubscribeDemo.swift in Sources */ = {isa = PBXBuildFile; fileRef = 77596AB51A23354700053E3B /* AddressbookMailUnsubscribeDemo.swift */; };
		77596AB81A23356000053E3B /* AddressbookMessageSubscribeDemo.swift in Sources */ = {isa = PBXBuildFile; fileRef = 77596AB71A23356000053E3B /* AddressbookMessageSubscribeDemo.swift */; };
		77596ABA1A23358200053E3B /* AddressbookMessageUnsubscribeDemo.swift in Sources */ = {isa = PBXBuildFile; fileRef = 77596AB91A23358200053E3B /* AddressbookMessageUnsubscribeDemo.swift */; };
		77596ABF1A23374100053E3B /* MessageXSendDemo.swift in Sources */ = {isa = PBXBuildFile; fileRef = 77596ABE1A23374100053E3B /* MessageXSendDemo.swift */; };
		77596AC11A23375800053E3B /* MessageXSend.swift in Sources */ = {isa = PBXBuildFile; fileRef = 77596AC01A23375800053E3B /* MessageXSend.swift */; };
		778A5E811A22CC10004015AF /* Alamofire.framework in Copy Frameworks */ = {isa = PBXBuildFile; fileRef = 778A5E7C1A22CBFF004015AF /* Alamofire.framework */; settings = {ATTRIBUTES = (CodeSignOnCopy, RemoveHeadersOnCopy, ); }; };
		778A5E831A22CC94004015AF /* MailSendDemo.swift in Sources */ = {isa = PBXBuildFile; fileRef = 778A5E821A22CC94004015AF /* MailSendDemo.swift */; };
		778A5E851A22CCD6004015AF /* MailXSend.swift in Sources */ = {isa = PBXBuildFile; fileRef = 778A5E841A22CCD6004015AF /* MailXSend.swift */; };
		778A5E871A22CCE5004015AF /* MailXSendDemo.swift in Sources */ = {isa = PBXBuildFile; fileRef = 778A5E861A22CCE5004015AF /* MailXSendDemo.swift */; };
/* End PBXBuildFile section */

/* Begin PBXContainerItemProxy section */
		36D638391A22287B00D36077 /* PBXContainerItemProxy */ = {
			isa = PBXContainerItemProxy;
			containerPortal = 36D6381B1A22287B00D36077 /* Project object */;
			proxyType = 1;
			remoteGlobalIDString = 36D638221A22287B00D36077;
			remoteInfo = Submail;
		};
		778A5E7B1A22CBFF004015AF /* PBXContainerItemProxy */ = {
			isa = PBXContainerItemProxy;
			containerPortal = 778A5E761A22CBFF004015AF /* Alamofire.xcodeproj */;
			proxyType = 2;
			remoteGlobalIDString = F8111E3319A95C8B0040E7D1;
			remoteInfo = Alamofire;
		};
		778A5E7D1A22CBFF004015AF /* PBXContainerItemProxy */ = {
			isa = PBXContainerItemProxy;
			containerPortal = 778A5E761A22CBFF004015AF /* Alamofire.xcodeproj */;
			proxyType = 2;
			remoteGlobalIDString = F8111E3E19A95C8B0040E7D1;
			remoteInfo = AlamofireTests;
		};
		778A5E7F1A22CC08004015AF /* PBXContainerItemProxy */ = {
			isa = PBXContainerItemProxy;
			containerPortal = 778A5E761A22CBFF004015AF /* Alamofire.xcodeproj */;
			proxyType = 1;
			remoteGlobalIDString = F8111E3219A95C8B0040E7D1;
			remoteInfo = Alamofire;
		};
/* End PBXContainerItemProxy section */

/* Begin PBXCopyFilesBuildPhase section */
		36D6385B1A22299000D36077 /* Copy Frameworks */ = {
			isa = PBXCopyFilesBuildPhase;
			buildActionMask = 2147483647;
			dstPath = "";
			dstSubfolderSpec = 10;
			files = (
				778A5E811A22CC10004015AF /* Alamofire.framework in Copy Frameworks */,
			);
			name = "Copy Frameworks";
			runOnlyForDeploymentPostprocessing = 0;
		};
/* End PBXCopyFilesBuildPhase section */

/* Begin PBXFileReference section */
		36D638231A22287B00D36077 /* Submail.app */ = {isa = PBXFileReference; explicitFileType = wrapper.application; includeInIndex = 0; path = Submail.app; sourceTree = BUILT_PRODUCTS_DIR; };
		36D638271A22287B00D36077 /* Info.plist */ = {isa = PBXFileReference; lastKnownFileType = text.plist.xml; path = Info.plist; sourceTree = "<group>"; };
		36D638281A22287B00D36077 /* AppDelegate.swift */ = {isa = PBXFileReference; lastKnownFileType = sourcecode.swift; path = AppDelegate.swift; sourceTree = "<group>"; };
		36D6382A1A22287B00D36077 /* ViewController.swift */ = {isa = PBXFileReference; lastKnownFileType = sourcecode.swift; path = ViewController.swift; sourceTree = "<group>"; };
		36D6382D1A22287B00D36077 /* Base */ = {isa = PBXFileReference; lastKnownFileType = file.storyboard; name = Base; path = Base.lproj/Main.storyboard; sourceTree = "<group>"; };
		36D6382F1A22287B00D36077 /* Images.xcassets */ = {isa = PBXFileReference; lastKnownFileType = folder.assetcatalog; path = Images.xcassets; sourceTree = "<group>"; };
		36D638321A22287B00D36077 /* Base */ = {isa = PBXFileReference; lastKnownFileType = file.xib; name = Base; path = Base.lproj/LaunchScreen.xib; sourceTree = "<group>"; };
		36D638381A22287B00D36077 /* SubmailTests.xctest */ = {isa = PBXFileReference; explicitFileType = wrapper.cfbundle; includeInIndex = 0; path = SubmailTests.xctest; sourceTree = BUILT_PRODUCTS_DIR; };
		36D6383D1A22287B00D36077 /* Info.plist */ = {isa = PBXFileReference; lastKnownFileType = text.plist.xml; path = Info.plist; sourceTree = "<group>"; };
		36D6383E1A22287B00D36077 /* SubmailTests.swift */ = {isa = PBXFileReference; lastKnownFileType = sourcecode.swift; path = SubmailTests.swift; sourceTree = "<group>"; };
		36D638481A22289000D36077 /* Mail.swift */ = {isa = PBXFileReference; fileEncoding = 4; lastKnownFileType = sourcecode.swift; path = Mail.swift; sourceTree = "<group>"; };
		36D6384A1A22289B00D36077 /* Message.swift */ = {isa = PBXFileReference; fileEncoding = 4; lastKnownFileType = sourcecode.swift; path = Message.swift; sourceTree = "<group>"; };
		36D6384C1A2228AA00D36077 /* MailSend.swift */ = {isa = PBXFileReference; fileEncoding = 4; lastKnownFileType = sourcecode.swift; path = MailSend.swift; sourceTree = "<group>"; };
		36D6384E1A22291200D36077 /* Config.swift */ = {isa = PBXFileReference; fileEncoding = 4; lastKnownFileType = sourcecode.swift; path = Config.swift; sourceTree = "<group>"; };
		774CE3E21A2C4B1A00EDD891 /* CommonExtension.swift */ = {isa = PBXFileReference; fileEncoding = 4; lastKnownFileType = sourcecode.swift; path = CommonExtension.swift; sourceTree = "<group>"; };
		77596AAC1A232D1C00053E3B /* AddressbookMail.swift */ = {isa = PBXFileReference; fileEncoding = 4; lastKnownFileType = sourcecode.swift; path = AddressbookMail.swift; sourceTree = "<group>"; };
		77596AAF1A232D3A00053E3B /* AddressbookMessage.swift */ = {isa = PBXFileReference; fileEncoding = 4; lastKnownFileType = sourcecode.swift; path = AddressbookMessage.swift; sourceTree = "<group>"; };
		77596AB31A23351A00053E3B /* AddressbookMailSubscribeDemo.swift */ = {isa = PBXFileReference; fileEncoding = 4; lastKnownFileType = sourcecode.swift; name = AddressbookMailSubscribeDemo.swift; path = ../AddressbookMailSubscribeDemo.swift; sourceTree = "<group>"; };
		77596AB51A23354700053E3B /* AddressbookMailUnsubscribeDemo.swift */ = {isa = PBXFileReference; fileEncoding = 4; lastKnownFileType = sourcecode.swift; name = AddressbookMailUnsubscribeDemo.swift; path = ../AddressbookMailUnsubscribeDemo.swift; sourceTree = "<group>"; };
		77596AB71A23356000053E3B /* AddressbookMessageSubscribeDemo.swift */ = {isa = PBXFileReference; fileEncoding = 4; lastKnownFileType = sourcecode.swift; name = AddressbookMessageSubscribeDemo.swift; path = ../AddressbookMessageSubscribeDemo.swift; sourceTree = "<group>"; };
		77596AB91A23358200053E3B /* AddressbookMessageUnsubscribeDemo.swift */ = {isa = PBXFileReference; fileEncoding = 4; lastKnownFileType = sourcecode.swift; name = AddressbookMessageUnsubscribeDemo.swift; path = ../AddressbookMessageUnsubscribeDemo.swift; sourceTree = "<group>"; };
		77596ABE1A23374100053E3B /* MessageXSendDemo.swift */ = {isa = PBXFileReference; fileEncoding = 4; lastKnownFileType = sourcecode.swift; path = MessageXSendDemo.swift; sourceTree = "<group>"; };
		77596AC01A23375800053E3B /* MessageXSend.swift */ = {isa = PBXFileReference; fileEncoding = 4; lastKnownFileType = sourcecode.swift; path = MessageXSend.swift; sourceTree = "<group>"; };
		778A5E761A22CBFF004015AF /* Alamofire.xcodeproj */ = {isa = PBXFileReference; lastKnownFileType = "wrapper.pb-project"; name = Alamofire.xcodeproj; path = Alamofire/Alamofire/Alamofire.xcodeproj; sourceTree = "<group>"; };
		778A5E821A22CC94004015AF /* MailSendDemo.swift */ = {isa = PBXFileReference; fileEncoding = 4; lastKnownFileType = sourcecode.swift; name = MailSendDemo.swift; path = ../MailSendDemo.swift; sourceTree = "<group>"; };
		778A5E841A22CCD6004015AF /* MailXSend.swift */ = {isa = PBXFileReference; fileEncoding = 4; lastKnownFileType = sourcecode.swift; path = MailXSend.swift; sourceTree = "<group>"; };
		778A5E861A22CCE5004015AF /* MailXSendDemo.swift */ = {isa = PBXFileReference; fileEncoding = 4; lastKnownFileType = sourcecode.swift; name = MailXSendDemo.swift; path = ../MailXSendDemo.swift; sourceTree = "<group>"; };
/* End PBXFileReference section */

/* Begin PBXFrameworksBuildPhase section */
		36D638201A22287B00D36077 /* Frameworks */ = {
			isa = PBXFrameworksBuildPhase;
			buildActionMask = 2147483647;
			files = (
			);
			runOnlyForDeploymentPostprocessing = 0;
		};
		36D638351A22287B00D36077 /* Frameworks */ = {
			isa = PBXFrameworksBuildPhase;
			buildActionMask = 2147483647;
			files = (
			);
			runOnlyForDeploymentPostprocessing = 0;
		};
/* End PBXFrameworksBuildPhase section */

/* Begin PBXGroup section */
		36D6381A1A22287B00D36077 = {
			isa = PBXGroup;
			children = (
				778A5E761A22CBFF004015AF /* Alamofire.xcodeproj */,
				36D638251A22287B00D36077 /* Submail */,
				36D6383B1A22287B00D36077 /* SubmailTests */,
				36D638241A22287B00D36077 /* Products */,
			);
			sourceTree = "<group>";
		};
		36D638241A22287B00D36077 /* Products */ = {
			isa = PBXGroup;
			children = (
				36D638231A22287B00D36077 /* Submail.app */,
				36D638381A22287B00D36077 /* SubmailTests.xctest */,
			);
			name = Products;
			sourceTree = "<group>";
		};
		36D638251A22287B00D36077 /* Submail */ = {
			isa = PBXGroup;
			children = (
				77596ABB1A2336C200053E3B /* Demo */,
				36D638281A22287B00D36077 /* AppDelegate.swift */,
				36D6382A1A22287B00D36077 /* ViewController.swift */,
				77596AAC1A232D1C00053E3B /* AddressbookMail.swift */,
				77596AAF1A232D3A00053E3B /* AddressbookMessage.swift */,
				36D6384A1A22289B00D36077 /* Message.swift */,
				77596AC01A23375800053E3B /* MessageXSend.swift */,
				36D638481A22289000D36077 /* Mail.swift */,
				36D6384C1A2228AA00D36077 /* MailSend.swift */,
				778A5E841A22CCD6004015AF /* MailXSend.swift */,
				36D6384E1A22291200D36077 /* Config.swift */,
				774CE3E21A2C4B1A00EDD891 /* CommonExtension.swift */,
				36D6382C1A22287B00D36077 /* Main.storyboard */,
				36D6382F1A22287B00D36077 /* Images.xcassets */,
				36D638311A22287B00D36077 /* LaunchScreen.xib */,
				36D638261A22287B00D36077 /* Supporting Files */,
			);
			path = Submail;
			sourceTree = "<group>";
		};
		36D638261A22287B00D36077 /* Supporting Files */ = {
			isa = PBXGroup;
			children = (
				36D638271A22287B00D36077 /* Info.plist */,
			);
			name = "Supporting Files";
			sourceTree = "<group>";
		};
		36D6383B1A22287B00D36077 /* SubmailTests */ = {
			isa = PBXGroup;
			children = (
				36D6383E1A22287B00D36077 /* SubmailTests.swift */,
				36D6383C1A22287B00D36077 /* Supporting Files */,
			);
			path = SubmailTests;
			sourceTree = "<group>";
		};
		36D6383C1A22287B00D36077 /* Supporting Files */ = {
			isa = PBXGroup;
			children = (
				36D6383D1A22287B00D36077 /* Info.plist */,
			);
			name = "Supporting Files";
			sourceTree = "<group>";
		};
		77596ABB1A2336C200053E3B /* Demo */ = {
			isa = PBXGroup;
			children = (
				77596AB31A23351A00053E3B /* AddressbookMailSubscribeDemo.swift */,
				77596AB51A23354700053E3B /* AddressbookMailUnsubscribeDemo.swift */,
				77596AB71A23356000053E3B /* AddressbookMessageSubscribeDemo.swift */,
				77596AB91A23358200053E3B /* AddressbookMessageUnsubscribeDemo.swift */,
				778A5E821A22CC94004015AF /* MailSendDemo.swift */,
				778A5E861A22CCE5004015AF /* MailXSendDemo.swift */,
				77596ABE1A23374100053E3B /* MessageXSendDemo.swift */,
			);
			path = Demo;
			sourceTree = "<group>";
		};
		778A5E771A22CBFF004015AF /* Products */ = {
			isa = PBXGroup;
			children = (
				778A5E7C1A22CBFF004015AF /* Alamofire.framework */,
				778A5E7E1A22CBFF004015AF /* AlamofireTests.xctest */,
			);
			name = Products;
			sourceTree = "<group>";
		};
/* End PBXGroup section */

/* Begin PBXNativeTarget section */
		36D638221A22287B00D36077 /* Submail */ = {
			isa = PBXNativeTarget;
			buildConfigurationList = 36D638421A22287B00D36077 /* Build configuration list for PBXNativeTarget "Submail" */;
			buildPhases = (
				36D6381F1A22287B00D36077 /* Sources */,
				36D638201A22287B00D36077 /* Frameworks */,
				36D638211A22287B00D36077 /* Resources */,
				36D6385B1A22299000D36077 /* Copy Frameworks */,
			);
			buildRules = (
			);
			dependencies = (
				778A5E801A22CC08004015AF /* PBXTargetDependency */,
			);
			name = Submail;
			productName = Submail;
			productReference = 36D638231A22287B00D36077 /* Submail.app */;
			productType = "com.apple.product-type.application";
		};
		36D638371A22287B00D36077 /* SubmailTests */ = {
			isa = PBXNativeTarget;
			buildConfigurationList = 36D638451A22287B00D36077 /* Build configuration list for PBXNativeTarget "SubmailTests" */;
			buildPhases = (
				36D638341A22287B00D36077 /* Sources */,
				36D638351A22287B00D36077 /* Frameworks */,
				36D638361A22287B00D36077 /* Resources */,
			);
			buildRules = (
			);
			dependencies = (
				36D6383A1A22287B00D36077 /* PBXTargetDependency */,
			);
			name = SubmailTests;
			productName = SubmailTests;
			productReference = 36D638381A22287B00D36077 /* SubmailTests.xctest */;
			productType = "com.apple.product-type.bundle.unit-test";
		};
/* End PBXNativeTarget section */

/* Begin PBXProject section */
		36D6381B1A22287B00D36077 /* Project object */ = {
			isa = PBXProject;
			attributes = {
				LastUpgradeCheck = 0610;
				ORGANIZATIONNAME = jin.shang;
				TargetAttributes = {
					36D638221A22287B00D36077 = {
						CreatedOnToolsVersion = 6.1;
					};
					36D638371A22287B00D36077 = {
						CreatedOnToolsVersion = 6.1;
						TestTargetID = 36D638221A22287B00D36077;
					};
				};
			};
			buildConfigurationList = 36D6381E1A22287B00D36077 /* Build configuration list for PBXProject "Submail" */;
			compatibilityVersion = "Xcode 3.2";
			developmentRegion = English;
			hasScannedForEncodings = 0;
			knownRegions = (
				en,
				Base,
			);
			mainGroup = 36D6381A1A22287B00D36077;
			productRefGroup = 36D638241A22287B00D36077 /* Products */;
			projectDirPath = "";
			projectReferences = (
				{
					ProductGroup = 778A5E771A22CBFF004015AF /* Products */;
					ProjectRef = 778A5E761A22CBFF004015AF /* Alamofire.xcodeproj */;
				},
			);
			projectRoot = "";
			targets = (
				36D638221A22287B00D36077 /* Submail */,
				36D638371A22287B00D36077 /* SubmailTests */,
			);
		};
/* End PBXProject section */

/* Begin PBXReferenceProxy section */
		778A5E7C1A22CBFF004015AF /* Alamofire.framework */ = {
			isa = PBXReferenceProxy;
			fileType = wrapper.framework;
			path = Alamofire.framework;
			remoteRef = 778A5E7B1A22CBFF004015AF /* PBXContainerItemProxy */;
			sourceTree = BUILT_PRODUCTS_DIR;
		};
		778A5E7E1A22CBFF004015AF /* AlamofireTests.xctest */ = {
			isa = PBXReferenceProxy;
			fileType = wrapper.cfbundle;
			path = AlamofireTests.xctest;
			remoteRef = 778A5E7D1A22CBFF004015AF /* PBXContainerItemProxy */;
			sourceTree = BUILT_PRODUCTS_DIR;
		};
/* End PBXReferenceProxy section */

/* Begin PBXResourcesBuildPhase section */
		36D638211A22287B00D36077 /* Resources */ = {
			isa = PBXResourcesBuildPhase;
			buildActionMask = 2147483647;
			files = (
				36D6382E1A22287B00D36077 /* Main.storyboard in Resources */,
				36D638331A22287B00D36077 /* LaunchScreen.xib in Resources */,
				36D638301A22287B00D36077 /* Images.xcassets in Resources */,
			);
			runOnlyForDeploymentPostprocessing = 0;
		};
		36D638361A22287B00D36077 /* Resources */ = {
			isa = PBXResourcesBuildPhase;
			buildActionMask = 2147483647;
			files = (
			);
			runOnlyForDeploymentPostprocessing = 0;
		};
/* End PBXResourcesBuildPhase section */

/* Begin PBXSourcesBuildPhase section */
		36D6381F1A22287B00D36077 /* Sources */ = {
			isa = PBXSourcesBuildPhase;
			buildActionMask = 2147483647;
			files = (
				77596ABF1A23374100053E3B /* MessageXSendDemo.swift in Sources */,
				77596AB81A23356000053E3B /* AddressbookMessageSubscribeDemo.swift in Sources */,
				36D6384D1A2228AA00D36077 /* MailSend.swift in Sources */,
				77596ABA1A23358200053E3B /* AddressbookMessageUnsubscribeDemo.swift in Sources */,
				77596AB01A232D3A00053E3B /* AddressbookMessage.swift in Sources */,
				36D638491A22289000D36077 /* Mail.swift in Sources */,
				36D6384B1A22289B00D36077 /* Message.swift in Sources */,
				77596AC11A23375800053E3B /* MessageXSend.swift in Sources */,
				77596AB41A23351A00053E3B /* AddressbookMailSubscribeDemo.swift in Sources */,
				778A5E831A22CC94004015AF /* MailSendDemo.swift in Sources */,
				36D6382B1A22287B00D36077 /* ViewController.swift in Sources */,
				36D638291A22287B00D36077 /* AppDelegate.swift in Sources */,
				77596AAD1A232D1C00053E3B /* AddressbookMail.swift in Sources */,
				778A5E871A22CCE5004015AF /* MailXSendDemo.swift in Sources */,
				36D6384F1A22291200D36077 /* Config.swift in Sources */,
				778A5E851A22CCD6004015AF /* MailXSend.swift in Sources */,
				774CE3E31A2C4B1A00EDD891 /* CommonExtension.swift in Sources */,
				77596AB61A23354700053E3B /* AddressbookMailUnsubscribeDemo.swift in Sources */,
			);
			runOnlyForDeploymentPostprocessing = 0;
		};
		36D638341A22287B00D36077 /* Sources */ = {
			isa = PBXSourcesBuildPhase;
			buildActionMask = 2147483647;
			files = (
				36D6383F1A22287B00D36077 /* SubmailTests.swift in Sources */,
			);
			runOnlyForDeploymentPostprocessing = 0;
		};
/* End PBXSourcesBuildPhase section */

/* Begin PBXTargetDependency section */
		36D6383A1A22287B00D36077 /* PBXTargetDependency */ = {
			isa = PBXTargetDependency;
			target = 36D638221A22287B00D36077 /* Submail */;
			targetProxy = 36D638391A22287B00D36077 /* PBXContainerItemProxy */;
		};
		778A5E801A22CC08004015AF /* PBXTargetDependency */ = {
			isa = PBXTargetDependency;
			name = Alamofire;
			targetProxy = 778A5E7F1A22CC08004015AF /* PBXContainerItemProxy */;
		};
/* End PBXTargetDependency section */

/* Begin PBXVariantGroup section */
		36D6382C1A22287B00D36077 /* Main.storyboard */ = {
			isa = PBXVariantGroup;
			children = (
				36D6382D1A22287B00D36077 /* Base */,
			);
			name = Main.storyboard;
			sourceTree = "<group>";
		};
		36D638311A22287B00D36077 /* LaunchScreen.xib */ = {
			isa = PBXVariantGroup;
			children = (
				36D638321A22287B00D36077 /* Base */,
			);
			name = LaunchScreen.xib;
			sourceTree = "<group>";
		};
/* End PBXVariantGroup section */

/* Begin XCBuildConfiguration section */
		36D638401A22287B00D36077 /* Debug */ = {
			isa = XCBuildConfiguration;
			buildSettings = {
				ALWAYS_SEARCH_USER_PATHS = NO;
				CLANG_CXX_LANGUAGE_STANDARD = "gnu++0x";
				CLANG_CXX_LIBRARY = "libc++";
				CLANG_ENABLE_MODULES = YES;
				CLANG_ENABLE_OBJC_ARC = YES;
				CLANG_WARN_BOOL_CONVERSION = YES;
				CLANG_WARN_CONSTANT_CONVERSION = YES;
				CLANG_WARN_DIRECT_OBJC_ISA_USAGE = YES_ERROR;
				CLANG_WARN_EMPTY_BODY = YES;
				CLANG_WARN_ENUM_CONVERSION = YES;
				CLANG_WARN_INT_CONVERSION = YES;
				CLANG_WARN_OBJC_ROOT_CLASS = YES_ERROR;
				CLANG_WARN_UNREACHABLE_CODE = YES;
				CLANG_WARN__DUPLICATE_METHOD_MATCH = YES;
				"CODE_SIGN_IDENTITY[sdk=iphoneos*]" = "iPhone Developer";
				COPY_PHASE_STRIP = NO;
				ENABLE_STRICT_OBJC_MSGSEND = YES;
				GCC_C_LANGUAGE_STANDARD = gnu99;
				GCC_DYNAMIC_NO_PIC = NO;
				GCC_OPTIMIZATION_LEVEL = 0;
				GCC_PREPROCESSOR_DEFINITIONS = (
					"DEBUG=1",
					"$(inherited)",
				);
				GCC_SYMBOLS_PRIVATE_EXTERN = NO;
				GCC_WARN_64_TO_32_BIT_CONVERSION = YES;
				GCC_WARN_ABOUT_RETURN_TYPE = YES_ERROR;
				GCC_WARN_UNDECLARED_SELECTOR = YES;
				GCC_WARN_UNINITIALIZED_AUTOS = YES_AGGRESSIVE;
				GCC_WARN_UNUSED_FUNCTION = YES;
				GCC_WARN_UNUSED_VARIABLE = YES;
				IPHONEOS_DEPLOYMENT_TARGET = 8.1;
				MTL_ENABLE_DEBUG_INFO = YES;
				ONLY_ACTIVE_ARCH = YES;
				SDKROOT = iphoneos;
				SWIFT_OPTIMIZATION_LEVEL = "-Onone";
			};
			name = Debug;
		};
		36D638411A22287B00D36077 /* Release */ = {
			isa = XCBuildConfiguration;
			buildSettings = {
				ALWAYS_SEARCH_USER_PATHS = NO;
				CLANG_CXX_LANGUAGE_STANDARD = "gnu++0x";
				CLANG_CXX_LIBRARY = "libc++";
				CLANG_ENABLE_MODULES = YES;
				CLANG_ENABLE_OBJC_ARC = YES;
				CLANG_WARN_BOOL_CONVERSION = YES;
				CLANG_WARN_CONSTANT_CONVERSION = YES;
				CLANG_WARN_DIRECT_OBJC_ISA_USAGE = YES_ERROR;
				CLANG_WARN_EMPTY_BODY = YES;
				CLANG_WARN_ENUM_CONVERSION = YES;
				CLANG_WARN_INT_CONVERSION = YES;
				CLANG_WARN_OBJC_ROOT_CLASS = YES_ERROR;
				CLANG_WARN_UNREACHABLE_CODE = YES;
				CLANG_WARN__DUPLICATE_METHOD_MATCH = YES;
				"CODE_SIGN_IDENTITY[sdk=iphoneos*]" = "iPhone Developer";
				COPY_PHASE_STRIP = YES;
				ENABLE_NS_ASSERTIONS = NO;
				ENABLE_STRICT_OBJC_MSGSEND = YES;
				GCC_C_LANGUAGE_STANDARD = gnu99;
				GCC_WARN_64_TO_32_BIT_CONVERSION = YES;
				GCC_WARN_ABOUT_RETURN_TYPE = YES_ERROR;
				GCC_WARN_UNDECLARED_SELECTOR = YES;
				GCC_WARN_UNINITIALIZED_AUTOS = YES_AGGRESSIVE;
				GCC_WARN_UNUSED_FUNCTION = YES;
				GCC_WARN_UNUSED_VARIABLE = YES;
				IPHONEOS_DEPLOYMENT_TARGET = 8.1;
				MTL_ENABLE_DEBUG_INFO = NO;
				SDKROOT = iphoneos;
				VALIDATE_PRODUCT = YES;
			};
			name = Release;
		};
		36D638431A22287B00D36077 /* Debug */ = {
			isa = XCBuildConfiguration;
			buildSettings = {
				ASSETCATALOG_COMPILER_APPICON_NAME = AppIcon;
				INFOPLIST_FILE = Submail/Info.plist;
				LD_RUNPATH_SEARCH_PATHS = "$(inherited) @executable_path/Frameworks";
				PRODUCT_NAME = "$(TARGET_NAME)";
			};
			name = Debug;
		};
		36D638441A22287B00D36077 /* Release */ = {
			isa = XCBuildConfiguration;
			buildSettings = {
				ASSETCATALOG_COMPILER_APPICON_NAME = AppIcon;
				INFOPLIST_FILE = Submail/Info.plist;
				LD_RUNPATH_SEARCH_PATHS = "$(inherited) @executable_path/Frameworks";
				PRODUCT_NAME = "$(TARGET_NAME)";
			};
			name = Release;
		};
		36D638461A22287B00D36077 /* Debug */ = {
			isa = XCBuildConfiguration;
			buildSettings = {
				BUNDLE_LOADER = "$(TEST_HOST)";
				FRAMEWORK_SEARCH_PATHS = (
					"$(SDKROOT)/Developer/Library/Frameworks",
					"$(inherited)",
				);
				GCC_PREPROCESSOR_DEFINITIONS = (
					"DEBUG=1",
					"$(inherited)",
				);
				INFOPLIST_FILE = SubmailTests/Info.plist;
				LD_RUNPATH_SEARCH_PATHS = "$(inherited) @executable_path/Frameworks @loader_path/Frameworks";
				PRODUCT_NAME = "$(TARGET_NAME)";
				TEST_HOST = "$(BUILT_PRODUCTS_DIR)/Submail.app/Submail";
			};
			name = Debug;
		};
		36D638471A22287B00D36077 /* Release */ = {
			isa = XCBuildConfiguration;
			buildSettings = {
				BUNDLE_LOADER = "$(TEST_HOST)";
				FRAMEWORK_SEARCH_PATHS = (
					"$(SDKROOT)/Developer/Library/Frameworks",
					"$(inherited)",
				);
				INFOPLIST_FILE = SubmailTests/Info.plist;
				LD_RUNPATH_SEARCH_PATHS = "$(inherited) @executable_path/Frameworks @loader_path/Frameworks";
				PRODUCT_NAME = "$(TARGET_NAME)";
				TEST_HOST = "$(BUILT_PRODUCTS_DIR)/Submail.app/Submail";
			};
			name = Release;
		};
/* End XCBuildConfiguration section */

/* Begin XCConfigurationList section */
		36D6381E1A22287B00D36077 /* Build configuration list for PBXProject "Submail" */ = {
			isa = XCConfigurationList;
			buildConfigurations = (
				36D638401A22287B00D36077 /* Debug */,
				36D638411A22287B00D36077 /* Release */,
			);
			defaultConfigurationIsVisible = 0;
			defaultConfigurationName = Release;
		};
		36D638421A22287B00D36077 /* Build configuration list for PBXNativeTarget "Submail" */ = {
			isa = XCConfigurationList;
			buildConfigurations = (
				36D638431A22287B00D36077 /* Debug */,
				36D638441A22287B00D36077 /* Release */,
			);
			defaultConfigurationIsVisible = 0;
			defaultConfigurationName = Release;
		};
		36D638451A22287B00D36077 /* Build configuration list for PBXNativeTarget "SubmailTests" */ = {
			isa = XCConfigurationList;
			buildConfigurations = (
				36D638461A22287B00D36077 /* Debug */,
				36D638471A22287B00D36077 /* Release */,
			);
			defaultConfigurationIsVisible = 0;
			defaultConfigurationName = Release;
		};
/* End XCConfigurationList section */
	};
	rootObject = 36D6381B1A22287B00D36077 /* Project object */;
}
